// !$*UTF8*$!
{
	archiveVersion = 1;
	classes = {
	};
	objectVersion = 46;
	objects = {

/* Begin PBXBuildFile section */
		B581BAA41ABDB5AA00E313B2 /* ProductViewController.swift in Sources */ = {isa = PBXBuildFile; fileRef = B581BAA31ABDB5AA00E313B2 /* ProductViewController.swift */; };
		B5B4C1B21ABD5EFC00F1D683 /* AppDelegate.swift in Sources */ = {isa = PBXBuildFile; fileRef = B5B4C1B11ABD5EFC00F1D683 /* AppDelegate.swift */; };
		B5B4C1B51ABD5EFC00F1D683 /* InstaStore.xcdatamodeld in Sources */ = {isa = PBXBuildFile; fileRef = B5B4C1B31ABD5EFC00F1D683 /* InstaStore.xcdatamodeld */; };
		B5B4C1B71ABD5EFC00F1D683 /* AccountViewController.swift in Sources */ = {isa = PBXBuildFile; fileRef = B5B4C1B61ABD5EFC00F1D683 /* AccountViewController.swift */; };
		B5B4C1BA1ABD5EFC00F1D683 /* Main.storyboard in Resources */ = {isa = PBXBuildFile; fileRef = B5B4C1B81ABD5EFC00F1D683 /* Main.storyboard */; };
		B5B4C1BC1ABD5EFC00F1D683 /* Images.xcassets in Resources */ = {isa = PBXBuildFile; fileRef = B5B4C1BB1ABD5EFC00F1D683 /* Images.xcassets */; };
		B5B4C1BF1ABD5EFC00F1D683 /* LaunchScreen.xib in Resources */ = {isa = PBXBuildFile; fileRef = B5B4C1BD1ABD5EFC00F1D683 /* LaunchScreen.xib */; };
		B5B4C1CB1ABD5EFC00F1D683 /* InstaStoreTests.swift in Sources */ = {isa = PBXBuildFile; fileRef = B5B4C1CA1ABD5EFC00F1D683 /* InstaStoreTests.swift */; };
		B5B4C1D51ABD650800F1D683 /* ProductAddViewController.swift in Sources */ = {isa = PBXBuildFile; fileRef = B5B4C1D41ABD650800F1D683 /* ProductAddViewController.swift */; };
		B5B4C1D71ABD910F00F1D683 /* UIImage.swift in Sources */ = {isa = PBXBuildFile; fileRef = B5B4C1D61ABD910F00F1D683 /* UIImage.swift */; };
/* End PBXBuildFile section */

/* Begin PBXContainerItemProxy section */
		B5B4C1C51ABD5EFC00F1D683 /* PBXContainerItemProxy */ = {
			isa = PBXContainerItemProxy;
			containerPortal = B5B4C1A41ABD5EFC00F1D683 /* Project object */;
			proxyType = 1;
			remoteGlobalIDString = B5B4C1AB1ABD5EFC00F1D683;
			remoteInfo = InstaStore;
		};
/* End PBXContainerItemProxy section */

/* Begin PBXFileReference section */
		B581BAA31ABDB5AA00E313B2 /* ProductViewController.swift */ = {isa = PBXFileReference; fileEncoding = 4; lastKnownFileType = sourcecode.swift; path = ProductViewController.swift; sourceTree = "<group>"; };
		B5B4C1AC1ABD5EFC00F1D683 /* Merchcircle.app */ = {isa = PBXFileReference; explicitFileType = wrapper.application; includeInIndex = 0; path = Merchcircle.app; sourceTree = BUILT_PRODUCTS_DIR; };
		B5B4C1B01ABD5EFC00F1D683 /* Info.plist */ = {isa = PBXFileReference; lastKnownFileType = text.plist.xml; path = Info.plist; sourceTree = "<group>"; };
		B5B4C1B11ABD5EFC00F1D683 /* AppDelegate.swift */ = {isa = PBXFileReference; lastKnownFileType = sourcecode.swift; path = AppDelegate.swift; sourceTree = "<group>"; };
		B5B4C1B41ABD5EFC00F1D683 /* InstaStore.xcdatamodel */ = {isa = PBXFileReference; lastKnownFileType = wrapper.xcdatamodel; path = InstaStore.xcdatamodel; sourceTree = "<group>"; };
		B5B4C1B61ABD5EFC00F1D683 /* AccountViewController.swift */ = {isa = PBXFileReference; lastKnownFileType = sourcecode.swift; path = AccountViewController.swift; sourceTree = "<group>"; };
		B5B4C1B91ABD5EFC00F1D683 /* Base */ = {isa = PBXFileReference; lastKnownFileType = file.storyboard; name = Base; path = Base.lproj/Main.storyboard; sourceTree = "<group>"; };
		B5B4C1BB1ABD5EFC00F1D683 /* Images.xcassets */ = {isa = PBXFileReference; lastKnownFileType = folder.assetcatalog; path = Images.xcassets; sourceTree = "<group>"; };
		B5B4C1BE1ABD5EFC00F1D683 /* Base */ = {isa = PBXFileReference; lastKnownFileType = file.xib; name = Base; path = Base.lproj/LaunchScreen.xib; sourceTree = "<group>"; };
		B5B4C1C41ABD5EFC00F1D683 /* MerchcircleTests.xctest */ = {isa = PBXFileReference; explicitFileType = wrapper.cfbundle; includeInIndex = 0; path = MerchcircleTests.xctest; sourceTree = BUILT_PRODUCTS_DIR; };
		B5B4C1C91ABD5EFC00F1D683 /* Info.plist */ = {isa = PBXFileReference; lastKnownFileType = text.plist.xml; path = Info.plist; sourceTree = "<group>"; };
		B5B4C1CA1ABD5EFC00F1D683 /* InstaStoreTests.swift */ = {isa = PBXFileReference; lastKnownFileType = sourcecode.swift; path = InstaStoreTests.swift; sourceTree = "<group>"; };
		B5B4C1D41ABD650800F1D683 /* ProductAddViewController.swift */ = {isa = PBXFileReference; fileEncoding = 4; lastKnownFileType = sourcecode.swift; path = ProductAddViewController.swift; sourceTree = "<group>"; };
		B5B4C1D61ABD910F00F1D683 /* UIImage.swift */ = {isa = PBXFileReference; fileEncoding = 4; lastKnownFileType = sourcecode.swift; path = UIImage.swift; sourceTree = "<group>"; };
/* End PBXFileReference section */

/* Begin PBXFrameworksBuildPhase section */
		B5B4C1A91ABD5EFC00F1D683 /* Frameworks */ = {
			isa = PBXFrameworksBuildPhase;
			buildActionMask = 2147483647;
			files = (
			);
			runOnlyForDeploymentPostprocessing = 0;
		};
		B5B4C1C11ABD5EFC00F1D683 /* Frameworks */ = {
			isa = PBXFrameworksBuildPhase;
			buildActionMask = 2147483647;
			files = (
			);
			runOnlyForDeploymentPostprocessing = 0;
		};
/* End PBXFrameworksBuildPhase section */

/* Begin PBXGroup section */
		B5B4C1A31ABD5EFC00F1D683 = {
			isa = PBXGroup;
			children = (
				B5B4C1AE1ABD5EFC00F1D683 /* Merchcircle */,
				B5B4C1C71ABD5EFC00F1D683 /* MerchcircleTests */,
				B5B4C1AD1ABD5EFC00F1D683 /* Products */,
			);
			sourceTree = "<group>";
		};
		B5B4C1AD1ABD5EFC00F1D683 /* Products */ = {
			isa = PBXGroup;
			children = (
				B5B4C1AC1ABD5EFC00F1D683 /* Merchcircle.app */,
				B5B4C1C41ABD5EFC00F1D683 /* MerchcircleTests.xctest */,
			);
			name = Products;
			sourceTree = "<group>";
		};
		B5B4C1AE1ABD5EFC00F1D683 /* Merchcircle */ = {
			isa = PBXGroup;
			children = (
				B5B4C1D81ABD939800F1D683 /* Helper */,
				B5B4C1B11ABD5EFC00F1D683 /* AppDelegate.swift */,
				B5B4C1B61ABD5EFC00F1D683 /* AccountViewController.swift */,
				B5B4C1B81ABD5EFC00F1D683 /* Main.storyboard */,
				B5B4C1D41ABD650800F1D683 /* ProductAddViewController.swift */,
				B581BAA31ABDB5AA00E313B2 /* ProductViewController.swift */,
				B5B4C1BB1ABD5EFC00F1D683 /* Images.xcassets */,
				B5B4C1BD1ABD5EFC00F1D683 /* LaunchScreen.xib */,
				B5B4C1B31ABD5EFC00F1D683 /* InstaStore.xcdatamodeld */,
				B5B4C1AF1ABD5EFC00F1D683 /* Supporting Files */,
			);
			name = Merchcircle;
			path = InstaStore;
			sourceTree = "<group>";
		};
		B5B4C1AF1ABD5EFC00F1D683 /* Supporting Files */ = {
			isa = PBXGroup;
			children = (
				B5B4C1B01ABD5EFC00F1D683 /* Info.plist */,
			);
			name = "Supporting Files";
			sourceTree = "<group>";
		};
		B5B4C1C71ABD5EFC00F1D683 /* MerchcircleTests */ = {
			isa = PBXGroup;
			children = (
				B5B4C1CA1ABD5EFC00F1D683 /* InstaStoreTests.swift */,
				B5B4C1C81ABD5EFC00F1D683 /* Supporting Files */,
			);
			name = MerchcircleTests;
			path = InstaStoreTests;
			sourceTree = "<group>";
		};
		B5B4C1C81ABD5EFC00F1D683 /* Supporting Files */ = {
			isa = PBXGroup;
			children = (
				B5B4C1C91ABD5EFC00F1D683 /* Info.plist */,
			);
			name = "Supporting Files";
			sourceTree = "<group>";
		};
		B5B4C1D81ABD939800F1D683 /* Helper */ = {
			isa = PBXGroup;
			children = (
				B5B4C1D61ABD910F00F1D683 /* UIImage.swift */,
			);
			name = Helper;
			sourceTree = "<group>";
		};
/* End PBXGroup section */

/* Begin PBXNativeTarget section */
		B5B4C1AB1ABD5EFC00F1D683 /* Merchcircle */ = {
			isa = PBXNativeTarget;
			buildConfigurationList = B5B4C1CE1ABD5EFC00F1D683 /* Build configuration list for PBXNativeTarget "Merchcircle" */;
			buildPhases = (
				B5B4C1A81ABD5EFC00F1D683 /* Sources */,
				B5B4C1A91ABD5EFC00F1D683 /* Frameworks */,
				B5B4C1AA1ABD5EFC00F1D683 /* Resources */,
			);
			buildRules = (
			);
			dependencies = (
			);
			name = Merchcircle;
			productName = InstaStore;
			productReference = B5B4C1AC1ABD5EFC00F1D683 /* Merchcircle.app */;
			productType = "com.apple.product-type.application";
		};
		B5B4C1C31ABD5EFC00F1D683 /* MerchcircleTests */ = {
			isa = PBXNativeTarget;
			buildConfigurationList = B5B4C1D11ABD5EFC00F1D683 /* Build configuration list for PBXNativeTarget "MerchcircleTests" */;
			buildPhases = (
				B5B4C1C01ABD5EFC00F1D683 /* Sources */,
				B5B4C1C11ABD5EFC00F1D683 /* Frameworks */,
				B5B4C1C21ABD5EFC00F1D683 /* Resources */,
			);
			buildRules = (
			);
			dependencies = (
				B5B4C1C61ABD5EFC00F1D683 /* PBXTargetDependency */,
			);
			name = MerchcircleTests;
			productName = InstaStoreTests;
			productReference = B5B4C1C41ABD5EFC00F1D683 /* MerchcircleTests.xctest */;
			productType = "com.apple.product-type.bundle.unit-test";
		};
/* End PBXNativeTarget section */

/* Begin PBXProject section */
		B5B4C1A41ABD5EFC00F1D683 /* Project object */ = {
			isa = PBXProject;
			attributes = {
				LastUpgradeCheck = 0620;
				ORGANIZATIONNAME = instastore;
				TargetAttributes = {
					B5B4C1AB1ABD5EFC00F1D683 = {
						CreatedOnToolsVersion = 6.2;
					};
					B5B4C1C31ABD5EFC00F1D683 = {
						CreatedOnToolsVersion = 6.2;
						TestTargetID = B5B4C1AB1ABD5EFC00F1D683;
					};
				};
			};
			buildConfigurationList = B5B4C1A71ABD5EFC00F1D683 /* Build configuration list for PBXProject "Merchcircle" */;
			compatibilityVersion = "Xcode 3.2";
			developmentRegion = English;
			hasScannedForEncodings = 0;
			knownRegions = (
				en,
				Base,
			);
			mainGroup = B5B4C1A31ABD5EFC00F1D683;
			productRefGroup = B5B4C1AD1ABD5EFC00F1D683 /* Products */;
			projectDirPath = "";
			projectRoot = "";
			targets = (
				B5B4C1AB1ABD5EFC00F1D683 /* Merchcircle */,
				B5B4C1C31ABD5EFC00F1D683 /* MerchcircleTests */,
			);
		};
/* End PBXProject section */

/* Begin PBXResourcesBuildPhase section */
		B5B4C1AA1ABD5EFC00F1D683 /* Resources */ = {
			isa = PBXResourcesBuildPhase;
			buildActionMask = 2147483647;
			files = (
				B5B4C1BA1ABD5EFC00F1D683 /* Main.storyboard in Resources */,
				B5B4C1BF1ABD5EFC00F1D683 /* LaunchScreen.xib in Resources */,
				B5B4C1BC1ABD5EFC00F1D683 /* Images.xcassets in Resources */,
			);
			runOnlyForDeploymentPostprocessing = 0;
		};
		B5B4C1C21ABD5EFC00F1D683 /* Resources */ = {
			isa = PBXResourcesBuildPhase;
			buildActionMask = 2147483647;
			files = (
			);
			runOnlyForDeploymentPostprocessing = 0;
		};
/* End PBXResourcesBuildPhase section */

/* Begin PBXSourcesBuildPhase section */
		B5B4C1A81ABD5EFC00F1D683 /* Sources */ = {
			isa = PBXSourcesBuildPhase;
			buildActionMask = 2147483647;
			files = (
				B581BAA41ABDB5AA00E313B2 /* ProductViewController.swift in Sources */,
				B5B4C1B71ABD5EFC00F1D683 /* AccountViewController.swift in Sources */,
				B5B4C1D71ABD910F00F1D683 /* UIImage.swift in Sources */,
				B5B4C1B21ABD5EFC00F1D683 /* AppDelegate.swift in Sources */,
				B5B4C1D51ABD650800F1D683 /* ProductAddViewController.swift in Sources */,
				B5B4C1B51ABD5EFC00F1D683 /* InstaStore.xcdatamodeld in Sources */,
			);
			runOnlyForDeploymentPostprocessing = 0;
		};
		B5B4C1C01ABD5EFC00F1D683 /* Sources */ = {
			isa = PBXSourcesBuildPhase;
			buildActionMask = 2147483647;
			files = (
				B5B4C1CB1ABD5EFC00F1D683 /* InstaStoreTests.swift in Sources */,
			);
			runOnlyForDeploymentPostprocessing = 0;
		};
/* End PBXSourcesBuildPhase section */

/* Begin PBXTargetDependency section */
		B5B4C1C61ABD5EFC00F1D683 /* PBXTargetDependency */ = {
			isa = PBXTargetDependency;
			target = B5B4C1AB1ABD5EFC00F1D683 /* Merchcircle */;
			targetProxy = B5B4C1C51ABD5EFC00F1D683 /* PBXContainerItemProxy */;
		};
/* End PBXTargetDependency section */

/* Begin PBXVariantGroup section */
		B5B4C1B81ABD5EFC00F1D683 /* Main.storyboard */ = {
			isa = PBXVariantGroup;
			children = (
				B5B4C1B91ABD5EFC00F1D683 /* Base */,
			);
			name = Main.storyboard;
			sourceTree = "<group>";
		};
		B5B4C1BD1ABD5EFC00F1D683 /* LaunchScreen.xib */ = {
			isa = PBXVariantGroup;
			children = (
				B5B4C1BE1ABD5EFC00F1D683 /* Base */,
			);
			name = LaunchScreen.xib;
			sourceTree = "<group>";
		};
/* End PBXVariantGroup section */

/* Begin XCBuildConfiguration section */
		B5B4C1CC1ABD5EFC00F1D683 /* Debug */ = {
			isa = XCBuildConfiguration;
			buildSettings = {
				ALWAYS_SEARCH_USER_PATHS = NO;
				CLANG_CXX_LANGUAGE_STANDARD = "gnu++0x";
				CLANG_CXX_LIBRARY = "libc++";
				CLANG_ENABLE_MODULES = YES;
				CLANG_ENABLE_OBJC_ARC = YES;
				CLANG_WARN_BOOL_CONVERSION = YES;
				CLANG_WARN_CONSTANT_CONVERSION = YES;
				CLANG_WARN_DIRECT_OBJC_ISA_USAGE = YES_ERROR;
				CLANG_WARN_EMPTY_BODY = YES;
				CLANG_WARN_ENUM_CONVERSION = YES;
				CLANG_WARN_INT_CONVERSION = YES;
				CLANG_WARN_OBJC_ROOT_CLASS = YES_ERROR;
				CLANG_WARN_UNREACHABLE_CODE = YES;
				CLANG_WARN__DUPLICATE_METHOD_MATCH = YES;
				"CODE_SIGN_IDENTITY[sdk=iphoneos*]" = "iPhone Developer";
				COPY_PHASE_STRIP = NO;
				ENABLE_STRICT_OBJC_MSGSEND = YES;
				GCC_C_LANGUAGE_STANDARD = gnu99;
				GCC_DYNAMIC_NO_PIC = NO;
				GCC_OPTIMIZATION_LEVEL = 0;
				GCC_PREPROCESSOR_DEFINITIONS = (
					"DEBUG=1",
					"$(inherited)",
				);
				GCC_SYMBOLS_PRIVATE_EXTERN = NO;
				GCC_WARN_64_TO_32_BIT_CONVERSION = YES;
				GCC_WARN_ABOUT_RETURN_TYPE = YES_ERROR;
				GCC_WARN_UNDECLARED_SELECTOR = YES;
				GCC_WARN_UNINITIALIZED_AUTOS = YES_AGGRESSIVE;
				GCC_WARN_UNUSED_FUNCTION = YES;
				GCC_WARN_UNUSED_VARIABLE = YES;
				IPHONEOS_DEPLOYMENT_TARGET = 8.2;
				MTL_ENABLE_DEBUG_INFO = YES;
				ONLY_ACTIVE_ARCH = YES;
				SDKROOT = iphoneos;
				SWIFT_OPTIMIZATION_LEVEL = "-Onone";
			};
			name = Debug;
		};
		B5B4C1CD1ABD5EFC00F1D683 /* Release */ = {
			isa = XCBuildConfiguration;
			buildSettings = {
				ALWAYS_SEARCH_USER_PATHS = NO;
				CLANG_CXX_LANGUAGE_STANDARD = "gnu++0x";
				CLANG_CXX_LIBRARY = "libc++";
				CLANG_ENABLE_MODULES = YES;
				CLANG_ENABLE_OBJC_ARC = YES;
				CLANG_WARN_BOOL_CONVERSION = YES;
				CLANG_WARN_CONSTANT_CONVERSION = YES;
				CLANG_WARN_DIRECT_OBJC_ISA_USAGE = YES_ERROR;
				CLANG_WARN_EMPTY_BODY = YES;
				CLANG_WARN_ENUM_CONVERSION = YES;
				CLANG_WARN_INT_CONVERSION = YES;
				CLANG_WARN_OBJC_ROOT_CLASS = YES_ERROR;
				CLANG_WARN_UNREACHABLE_CODE = YES;
				CLANG_WARN__DUPLICATE_METHOD_MATCH = YES;
				"CODE_SIGN_IDENTITY[sdk=iphoneos*]" = "iPhone Developer";
				COPY_PHASE_STRIP = NO;
				ENABLE_NS_ASSERTIONS = NO;
				ENABLE_STRICT_OBJC_MSGSEND = YES;
				GCC_C_LANGUAGE_STANDARD = gnu99;
				GCC_WARN_64_TO_32_BIT_CONVERSION = YES;
				GCC_WARN_ABOUT_RETURN_TYPE = YES_ERROR;
				GCC_WARN_UNDECLARED_SELECTOR = YES;
				GCC_WARN_UNINITIALIZED_AUTOS = YES_AGGRESSIVE;
				GCC_WARN_UNUSED_FUNCTION = YES;
				GCC_WARN_UNUSED_VARIABLE = YES;
				IPHONEOS_DEPLOYMENT_TARGET = 8.2;
				MTL_ENABLE_DEBUG_INFO = NO;
				SDKROOT = iphoneos;
				VALIDATE_PRODUCT = YES;
			};
			name = Release;
		};
		B5B4C1CF1ABD5EFC00F1D683 /* Debug */ = {
			isa = XCBuildConfiguration;
			buildSettings = {
				ASSETCATALOG_COMPILER_APPICON_NAME = AppIcon;
				INFOPLIST_FILE = InstaStore/Info.plist;
				LD_RUNPATH_SEARCH_PATHS = "$(inherited) @executable_path/Frameworks";
				PRODUCT_NAME = Merchcircle;
			};
			name = Debug;
		};
		B5B4C1D01ABD5EFC00F1D683 /* Release */ = {
			isa = XCBuildConfiguration;
			buildSettings = {
				ASSETCATALOG_COMPILER_APPICON_NAME = AppIcon;
				INFOPLIST_FILE = InstaStore/Info.plist;
				LD_RUNPATH_SEARCH_PATHS = "$(inherited) @executable_path/Frameworks";
				PRODUCT_NAME = Merchcircle;
			};
			name = Release;
		};
		B5B4C1D21ABD5EFC00F1D683 /* Debug */ = {
			isa = XCBuildConfiguration;
			buildSettings = {
				BUNDLE_LOADER = "$(TEST_HOST)";
				FRAMEWORK_SEARCH_PATHS = (
					"$(SDKROOT)/Developer/Library/Frameworks",
					"$(inherited)",
				);
				GCC_PREPROCESSOR_DEFINITIONS = (
					"DEBUG=1",
					"$(inherited)",
				);
				INFOPLIST_FILE = InstaStoreTests/Info.plist;
				LD_RUNPATH_SEARCH_PATHS = "$(inherited) @executable_path/Frameworks @loader_path/Frameworks";
				PRODUCT_NAME = MerchcircleTests;
				TEST_HOST = "$(BUILT_PRODUCTS_DIR)/Merchcircle.app/Merchcircle";
			};
			name = Debug;
		};
		B5B4C1D31ABD5EFC00F1D683 /* Release */ = {
			isa = XCBuildConfiguration;
			buildSettings = {
				BUNDLE_LOADER = "$(TEST_HOST)";
				FRAMEWORK_SEARCH_PATHS = (
					"$(SDKROOT)/Developer/Library/Frameworks",
					"$(inherited)",
				);
				INFOPLIST_FILE = InstaStoreTests/Info.plist;
				LD_RUNPATH_SEARCH_PATHS = "$(inherited) @executable_path/Frameworks @loader_path/Frameworks";
				PRODUCT_NAME = MerchcircleTests;
				TEST_HOST = "$(BUILT_PRODUCTS_DIR)/Merchcircle.app/Merchcircle";
			};
			name = Release;
		};
/* End XCBuildConfiguration section */

/* Begin XCConfigurationList section */
		B5B4C1A71ABD5EFC00F1D683 /* Build configuration list for PBXProject "Merchcircle" */ = {
			isa = XCConfigurationList;
			buildConfigurations = (
				B5B4C1CC1ABD5EFC00F1D683 /* Debug */,
				B5B4C1CD1ABD5EFC00F1D683 /* Release */,
			);
			defaultConfigurationIsVisible = 0;
			defaultConfigurationName = Release;
		};
		B5B4C1CE1ABD5EFC00F1D683 /* Build configuration list for PBXNativeTarget "Merchcircle" */ = {
			isa = XCConfigurationList;
			buildConfigurations = (
				B5B4C1CF1ABD5EFC00F1D683 /* Debug */,
				B5B4C1D01ABD5EFC00F1D683 /* Release */,
			);
			defaultConfigurationIsVisible = 0;
			defaultConfigurationName = Release;
		};
		B5B4C1D11ABD5EFC00F1D683 /* Build configuration list for PBXNativeTarget "MerchcircleTests" */ = {
			isa = XCConfigurationList;
			buildConfigurations = (
				B5B4C1D21ABD5EFC00F1D683 /* Debug */,
				B5B4C1D31ABD5EFC00F1D683 /* Release */,
			);
			defaultConfigurationIsVisible = 0;
			defaultConfigurationName = Release;
		};
/* End XCConfigurationList section */

/* Begin XCVersionGroup section */
		B5B4C1B31ABD5EFC00F1D683 /* InstaStore.xcdatamodeld */ = {
			isa = XCVersionGroup;
			children = (
				B5B4C1B41ABD5EFC00F1D683 /* InstaStore.xcdatamodel */,
			);
			currentVersion = B5B4C1B41ABD5EFC00F1D683 /* InstaStore.xcdatamodel */;
			path = InstaStore.xcdatamodeld;
			sourceTree = "<group>";
			versionGroupType = wrapper.xcdatamodel;
		};
/* End XCVersionGroup section */
	};
	rootObject = B5B4C1A41ABD5EFC00F1D683 /* Project object */;
}
